lockfileVersion: '9.0'

settings:
  autoInstallPeers: true
  excludeLinksFromLockfile: false

importers:

  .:
    dependencies:
      '@types/bcryptjs':
        specifier: ^3.0.0
        version: 3.0.0
      bcryptjs:
        specifier: ^3.0.2
        version: 3.0.2

packages:

  '@types/bcryptjs@3.0.0':
    resolution: {integrity: sha512-WRZOuCuaz8UcZZE4R5HXTco2goQSI2XxjGY3hbM/xDvwmqFWd4ivooImsMx65OKM6CtNKbnZ5YL+YwAwK7c1dg==}
    deprecated: This is a stub types definition. bcryptjs provides its own type definitions, so you do not need this installed.

  bcryptjs@3.0.2:
    resolution: {integrity: sha512-k38b3XOZKv60C4E2hVsXTolJWfkGRMbILBIe2IBITXciy5bOsTKot5kDrf3ZfufQtQOUN5mXceUEpU1rTl9Uog==}
    hasBin: true

snapshots:

  '@types/bcryptjs@3.0.0':
    dependencies:
      bcryptjs: 3.0.2

  bcryptjs@3.0.2: {}
